// !$*UTF8*$!
{
	archiveVersion = 1;
	classes = {
	};
	objectVersion = 50;
	objects = {

/* Begin PBXBuildFile section */
		81E07150227185C000E3880B /* AppDelegate.m in Sources */ = {isa = PBXBuildFile; fileRef = 81E0714F227185C000E3880B /* AppDelegate.m */; };
		81E07153227185C000E3880B /* ViewController.m in Sources */ = {isa = PBXBuildFile; fileRef = 81E07152227185C000E3880B /* ViewController.m */; };
		81E07156227185C000E3880B /* Main.storyboard in Resources */ = {isa = PBXBuildFile; fileRef = 81E07154227185C000E3880B /* Main.storyboard */; };
		81E07158227185C400E3880B /* Assets.xcassets in Resources */ = {isa = PBXBuildFile; fileRef = 81E07157227185C400E3880B /* Assets.xcassets */; };
		81E0715B227185C400E3880B /* LaunchScreen.storyboard in Resources */ = {isa = PBXBuildFile; fileRef = 81E07159227185C400E3880B /* LaunchScreen.storyboard */; };
		81E0715E227185C400E3880B /* main.m in Sources */ = {isa = PBXBuildFile; fileRef = 81E0715D227185C400E3880B /* main.m */; };
		81E0716A227185FD00E3880B /* PatrolViewController.m in Sources */ = {isa = PBXBuildFile; fileRef = 81E07165227185FC00E3880B /* PatrolViewController.m */; };
		81E0716B227185FD00E3880B /* MasRecordHeaderView.m in Sources */ = {isa = PBXBuildFile; fileRef = 81E07167227185FC00E3880B /* MasRecordHeaderView.m */; };
		81E0716C227185FD00E3880B /* MasCalendarView.m in Sources */ = {isa = PBXBuildFile; fileRef = 81E07169227185FD00E3880B /* MasCalendarView.m */; };
		81E071702274288500E3880B /* MasRecordCell.m in Sources */ = {isa = PBXBuildFile; fileRef = 81E0716F2274288500E3880B /* MasRecordCell.m */; };
		84D01E862278198C009DDF32 /* StoreResponsController.m in Sources */ = {isa = PBXBuildFile; fileRef = 84D01E852278198C009DDF32 /* StoreResponsController.m */; };
		84E81EAC22923F3000E630BB /* ReportManagerController.m in Sources */ = {isa = PBXBuildFile; fileRef = 84E81EAB22923F3000E630BB /* ReportManagerController.m */; };
		84E81F362292824F00E630BB /* ReportTaskListController.m in Sources */ = {isa = PBXBuildFile; fileRef = 84E81F352292824F00E630BB /* ReportTaskListController.m */; };
		84E81F3D22928DE800E630BB /* ReportTaskModel.m in Sources */ = {isa = PBXBuildFile; fileRef = 84E81F3C22928DE800E630BB /* ReportTaskModel.m */; };
		84E81F412292A15B00E630BB /* ReportTaskListCell.m in Sources */ = {isa = PBXBuildFile; fileRef = 84E81F402292A15B00E630BB /* ReportTaskListCell.m */; };
		84E81F442292A29D00E630BB /* MyContributionController.m in Sources */ = {isa = PBXBuildFile; fileRef = 84E81F432292A29D00E630BB /* MyContributionController.m */; };
		84E81F472292A32300E630BB /* MyContrStackView.m in Sources */ = {isa = PBXBuildFile; fileRef = 84E81F462292A32300E630BB /* MyContrStackView.m */; };
		84E81F4A2292B4C000E630BB /* MyContriCell.m in Sources */ = {isa = PBXBuildFile; fileRef = 84E81F492292B4C000E630BB /* MyContriCell.m */; };
		84E81F4E2292B58800E630BB /* MyViewUtils.m in Sources */ = {isa = PBXBuildFile; fileRef = 84E81F4D2292B58800E630BB /* MyViewUtils.m */; };
		84E81F512292BD3200E630BB /* MyContriModel.m in Sources */ = {isa = PBXBuildFile; fileRef = 84E81F502292BD3200E630BB /* MyContriModel.m */; };
		84E81F542293E8AF00E630BB /* ReportOpenAPI.m in Sources */ = {isa = PBXBuildFile; fileRef = 84E81F532293E8AF00E630BB /* ReportOpenAPI.m */; };
		84E81F5A2293FF5900E630BB /* TaskManagerController.m in Sources */ = {isa = PBXBuildFile; fileRef = 84E81F592293FF5900E630BB /* TaskManagerController.m */; };
		84E81F5D229408C800E630BB /* ReportedDetailController.m in Sources */ = {isa = PBXBuildFile; fileRef = 84E81F5C229408C800E630BB /* ReportedDetailController.m */; };
		84E81F60229546AF00E630BB /* ReportDetailView.m in Sources */ = {isa = PBXBuildFile; fileRef = 84E81F5F229546AF00E630BB /* ReportDetailView.m */; };
		84E81F662296450B00E630BB /* ReportInvalidDetailController.m in Sources */ = {isa = PBXBuildFile; fileRef = 84E81F652296450B00E630BB /* ReportInvalidDetailController.m */; };
		84E81F6A229648CD00E630BB /* StoreTypeColView.m in Sources */ = {isa = PBXBuildFile; fileRef = 84E81F69229648CD00E630BB /* StoreTypeColView.m */; };
		84E81F6D22964ABF00E630BB /* ReportCameraView.m in Sources */ = {isa = PBXBuildFile; fileRef = 84E81F6C22964ABF00E630BB /* ReportCameraView.m */; };
		84E81F7022964B3A00E630BB /* ReportBottomView.m in Sources */ = {isa = PBXBuildFile; fileRef = 84E81F6F22964B3A00E630BB /* ReportBottomView.m */; };
		84E81F73229663C900E630BB /* ReportedDoingController.m in Sources */ = {isa = PBXBuildFile; fileRef = 84E81F72229663C900E630BB /* ReportedDoingController.m */; };
		84FD8B372281644300BC2BE6 /* StoreSignViewController.m in Sources */ = {isa = PBXBuildFile; fileRef = 84FD8B362281644300BC2BE6 /* StoreSignViewController.m */; };
		D68D4151C0B9EE90EA3108AD /* Pods_MasPatrolUI.framework in Frameworks */ = {isa = PBXBuildFile; fileRef = 0980048FC36F1B0972665932 /* Pods_MasPatrolUI.framework */; };
/* End PBXBuildFile section */

/* Begin PBXFileReference section */
		0980048FC36F1B0972665932 /* Pods_MasPatrolUI.framework */ = {isa = PBXFileReference; explicitFileType = wrapper.framework; includeInIndex = 0; path = Pods_MasPatrolUI.framework; sourceTree = BUILT_PRODUCTS_DIR; };
		1E606ED0FB0BF5C440FF48CA /* Pods-MasPatrolUI.release.xcconfig */ = {isa = PBXFileReference; includeInIndex = 1; lastKnownFileType = text.xcconfig; name = "Pods-MasPatrolUI.release.xcconfig"; path = "Pods/Target Support Files/Pods-MasPatrolUI/Pods-MasPatrolUI.release.xcconfig"; sourceTree = "<group>"; };
		81E0714B227185C000E3880B /* MasPatrolUI.app */ = {isa = PBXFileReference; explicitFileType = wrapper.application; includeInIndex = 0; path = MasPatrolUI.app; sourceTree = BUILT_PRODUCTS_DIR; };
		81E0714E227185C000E3880B /* AppDelegate.h */ = {isa = PBXFileReference; lastKnownFileType = sourcecode.c.h; path = AppDelegate.h; sourceTree = "<group>"; };
		81E0714F227185C000E3880B /* AppDelegate.m */ = {isa = PBXFileReference; lastKnownFileType = sourcecode.c.objc; path = AppDelegate.m; sourceTree = "<group>"; };
		81E07151227185C000E3880B /* ViewController.h */ = {isa = PBXFileReference; lastKnownFileType = sourcecode.c.h; path = ViewController.h; sourceTree = "<group>"; };
		81E07152227185C000E3880B /* ViewController.m */ = {isa = PBXFileReference; lastKnownFileType = sourcecode.c.objc; path = ViewController.m; sourceTree = "<group>"; };
		81E07155227185C000E3880B /* Base */ = {isa = PBXFileReference; lastKnownFileType = file.storyboard; name = Base; path = Base.lproj/Main.storyboard; sourceTree = "<group>"; };
		81E07157227185C400E3880B /* Assets.xcassets */ = {isa = PBXFileReference; lastKnownFileType = folder.assetcatalog; path = Assets.xcassets; sourceTree = "<group>"; };
		81E0715A227185C400E3880B /* Base */ = {isa = PBXFileReference; lastKnownFileType = file.storyboard; name = Base; path = Base.lproj/LaunchScreen.storyboard; sourceTree = "<group>"; };
		81E0715C227185C400E3880B /* Info.plist */ = {isa = PBXFileReference; lastKnownFileType = text.plist.xml; path = Info.plist; sourceTree = "<group>"; };
		81E0715D227185C400E3880B /* main.m */ = {isa = PBXFileReference; lastKnownFileType = sourcecode.c.objc; path = main.m; sourceTree = "<group>"; };
		81E07164227185FB00E3880B /* MasRecordHeaderView.h */ = {isa = PBXFileReference; fileEncoding = 4; lastKnownFileType = sourcecode.c.h; path = MasRecordHeaderView.h; sourceTree = "<group>"; };
		81E07165227185FC00E3880B /* PatrolViewController.m */ = {isa = PBXFileReference; fileEncoding = 4; lastKnownFileType = sourcecode.c.objc; path = PatrolViewController.m; sourceTree = "<group>"; };
		81E07166227185FC00E3880B /* PatrolViewController.h */ = {isa = PBXFileReference; fileEncoding = 4; lastKnownFileType = sourcecode.c.h; path = PatrolViewController.h; sourceTree = "<group>"; };
		81E07167227185FC00E3880B /* MasRecordHeaderView.m */ = {isa = PBXFileReference; fileEncoding = 4; lastKnownFileType = sourcecode.c.objc; path = MasRecordHeaderView.m; sourceTree = "<group>"; };
		81E07168227185FD00E3880B /* MasCalendarView.h */ = {isa = PBXFileReference; fileEncoding = 4; lastKnownFileType = sourcecode.c.h; path = MasCalendarView.h; sourceTree = "<group>"; };
		81E07169227185FD00E3880B /* MasCalendarView.m */ = {isa = PBXFileReference; fileEncoding = 4; lastKnownFileType = sourcecode.c.objc; path = MasCalendarView.m; sourceTree = "<group>"; };
		81E0716E2274288500E3880B /* MasRecordCell.h */ = {isa = PBXFileReference; lastKnownFileType = sourcecode.c.h; path = MasRecordCell.h; sourceTree = "<group>"; };
		81E0716F2274288500E3880B /* MasRecordCell.m */ = {isa = PBXFileReference; lastKnownFileType = sourcecode.c.objc; path = MasRecordCell.m; sourceTree = "<group>"; };
		84D01E842278198C009DDF32 /* StoreResponsController.h */ = {isa = PBXFileReference; lastKnownFileType = sourcecode.c.h; path = StoreResponsController.h; sourceTree = "<group>"; };
		84D01E852278198C009DDF32 /* StoreResponsController.m */ = {isa = PBXFileReference; lastKnownFileType = sourcecode.c.objc; path = StoreResponsController.m; sourceTree = "<group>"; };
		84E81EAA22923F3000E630BB /* ReportManagerController.h */ = {isa = PBXFileReference; lastKnownFileType = sourcecode.c.h; path = ReportManagerController.h; sourceTree = "<group>"; };
		84E81EAB22923F3000E630BB /* ReportManagerController.m */ = {isa = PBXFileReference; lastKnownFileType = sourcecode.c.objc; path = ReportManagerController.m; sourceTree = "<group>"; };
		84E81F342292824F00E630BB /* ReportTaskListController.h */ = {isa = PBXFileReference; lastKnownFileType = sourcecode.c.h; path = ReportTaskListController.h; sourceTree = "<group>"; };
		84E81F352292824F00E630BB /* ReportTaskListController.m */ = {isa = PBXFileReference; lastKnownFileType = sourcecode.c.objc; path = ReportTaskListController.m; sourceTree = "<group>"; };
		84E81F3B22928DE800E630BB /* ReportTaskModel.h */ = {isa = PBXFileReference; fileEncoding = 4; lastKnownFileType = sourcecode.c.h; path = ReportTaskModel.h; sourceTree = "<group>"; };
		84E81F3C22928DE800E630BB /* ReportTaskModel.m */ = {isa = PBXFileReference; fileEncoding = 4; lastKnownFileType = sourcecode.c.objc; path = ReportTaskModel.m; sourceTree = "<group>"; };
		84E81F3F2292A15B00E630BB /* ReportTaskListCell.h */ = {isa = PBXFileReference; lastKnownFileType = sourcecode.c.h; path = ReportTaskListCell.h; sourceTree = "<group>"; };
		84E81F402292A15B00E630BB /* ReportTaskListCell.m */ = {isa = PBXFileReference; lastKnownFileType = sourcecode.c.objc; path = ReportTaskListCell.m; sourceTree = "<group>"; };
		84E81F422292A29D00E630BB /* MyContributionController.h */ = {isa = PBXFileReference; lastKnownFileType = sourcecode.c.h; path = MyContributionController.h; sourceTree = "<group>"; };
		84E81F432292A29D00E630BB /* MyContributionController.m */ = {isa = PBXFileReference; lastKnownFileType = sourcecode.c.objc; path = MyContributionController.m; sourceTree = "<group>"; };
		84E81F452292A32300E630BB /* MyContrStackView.h */ = {isa = PBXFileReference; lastKnownFileType = sourcecode.c.h; path = MyContrStackView.h; sourceTree = "<group>"; };
		84E81F462292A32300E630BB /* MyContrStackView.m */ = {isa = PBXFileReference; lastKnownFileType = sourcecode.c.objc; path = MyContrStackView.m; sourceTree = "<group>"; };
		84E81F482292B4C000E630BB /* MyContriCell.h */ = {isa = PBXFileReference; lastKnownFileType = sourcecode.c.h; path = MyContriCell.h; sourceTree = "<group>"; };
		84E81F492292B4C000E630BB /* MyContriCell.m */ = {isa = PBXFileReference; lastKnownFileType = sourcecode.c.objc; path = MyContriCell.m; sourceTree = "<group>"; };
		84E81F4C2292B58800E630BB /* MyViewUtils.h */ = {isa = PBXFileReference; lastKnownFileType = sourcecode.c.h; path = MyViewUtils.h; sourceTree = "<group>"; };
		84E81F4D2292B58800E630BB /* MyViewUtils.m */ = {isa = PBXFileReference; lastKnownFileType = sourcecode.c.objc; path = MyViewUtils.m; sourceTree = "<group>"; };
		84E81F4F2292BD3200E630BB /* MyContriModel.h */ = {isa = PBXFileReference; lastKnownFileType = sourcecode.c.h; path = MyContriModel.h; sourceTree = "<group>"; };
		84E81F502292BD3200E630BB /* MyContriModel.m */ = {isa = PBXFileReference; lastKnownFileType = sourcecode.c.objc; path = MyContriModel.m; sourceTree = "<group>"; };
		84E81F522293E8AF00E630BB /* ReportOpenAPI.h */ = {isa = PBXFileReference; lastKnownFileType = sourcecode.c.h; path = ReportOpenAPI.h; sourceTree = "<group>"; };
		84E81F532293E8AF00E630BB /* ReportOpenAPI.m */ = {isa = PBXFileReference; lastKnownFileType = sourcecode.c.objc; path = ReportOpenAPI.m; sourceTree = "<group>"; };
		84E81F582293FF5800E630BB /* TaskManagerController.h */ = {isa = PBXFileReference; lastKnownFileType = sourcecode.c.h; path = TaskManagerController.h; sourceTree = "<group>"; };
		84E81F592293FF5900E630BB /* TaskManagerController.m */ = {isa = PBXFileReference; lastKnownFileType = sourcecode.c.objc; path = TaskManagerController.m; sourceTree = "<group>"; };
		84E81F5B229408C800E630BB /* ReportedDetailController.h */ = {isa = PBXFileReference; lastKnownFileType = sourcecode.c.h; path = ReportedDetailController.h; sourceTree = "<group>"; };
		84E81F5C229408C800E630BB /* ReportedDetailController.m */ = {isa = PBXFileReference; lastKnownFileType = sourcecode.c.objc; path = ReportedDetailController.m; sourceTree = "<group>"; };
		84E81F5E229546AF00E630BB /* ReportDetailView.h */ = {isa = PBXFileReference; lastKnownFileType = sourcecode.c.h; path = ReportDetailView.h; sourceTree = "<group>"; };
		84E81F5F229546AF00E630BB /* ReportDetailView.m */ = {isa = PBXFileReference; lastKnownFileType = sourcecode.c.objc; path = ReportDetailView.m; sourceTree = "<group>"; };
		84E81F642296450B00E630BB /* ReportInvalidDetailController.h */ = {isa = PBXFileReference; lastKnownFileType = sourcecode.c.h; path = ReportInvalidDetailController.h; sourceTree = "<group>"; };
		84E81F652296450B00E630BB /* ReportInvalidDetailController.m */ = {isa = PBXFileReference; lastKnownFileType = sourcecode.c.objc; path = ReportInvalidDetailController.m; sourceTree = "<group>"; };
		84E81F68229648CD00E630BB /* StoreTypeColView.h */ = {isa = PBXFileReference; lastKnownFileType = sourcecode.c.h; path = StoreTypeColView.h; sourceTree = "<group>"; };
		84E81F69229648CD00E630BB /* StoreTypeColView.m */ = {isa = PBXFileReference; lastKnownFileType = sourcecode.c.objc; path = StoreTypeColView.m; sourceTree = "<group>"; };
		84E81F6B22964ABF00E630BB /* ReportCameraView.h */ = {isa = PBXFileReference; lastKnownFileType = sourcecode.c.h; path = ReportCameraView.h; sourceTree = "<group>"; };
		84E81F6C22964ABF00E630BB /* ReportCameraView.m */ = {isa = PBXFileReference; lastKnownFileType = sourcecode.c.objc; path = ReportCameraView.m; sourceTree = "<group>"; };
		84E81F6E22964B3A00E630BB /* ReportBottomView.h */ = {isa = PBXFileReference; lastKnownFileType = sourcecode.c.h; path = ReportBottomView.h; sourceTree = "<group>"; };
		84E81F6F22964B3A00E630BB /* ReportBottomView.m */ = {isa = PBXFileReference; lastKnownFileType = sourcecode.c.objc; path = ReportBottomView.m; sourceTree = "<group>"; };
		84E81F71229663C900E630BB /* ReportedDoingController.h */ = {isa = PBXFileReference; lastKnownFileType = sourcecode.c.h; path = ReportedDoingController.h; sourceTree = "<group>"; };
		84E81F72229663C900E630BB /* ReportedDoingController.m */ = {isa = PBXFileReference; lastKnownFileType = sourcecode.c.objc; path = ReportedDoingController.m; sourceTree = "<group>"; };
		84FD8B352281644300BC2BE6 /* StoreSignViewController.h */ = {isa = PBXFileReference; lastKnownFileType = sourcecode.c.h; path = StoreSignViewController.h; sourceTree = "<group>"; };
		84FD8B362281644300BC2BE6 /* StoreSignViewController.m */ = {isa = PBXFileReference; lastKnownFileType = sourcecode.c.objc; path = StoreSignViewController.m; sourceTree = "<group>"; };
		D52450050C978EB7550CDEA5 /* Pods-MasPatrolUI.debug.xcconfig */ = {isa = PBXFileReference; includeInIndex = 1; lastKnownFileType = text.xcconfig; name = "Pods-MasPatrolUI.debug.xcconfig"; path = "Pods/Target Support Files/Pods-MasPatrolUI/Pods-MasPatrolUI.debug.xcconfig"; sourceTree = "<group>"; };
/* End PBXFileReference section */

/* Begin PBXFrameworksBuildPhase section */
		81E07148227185C000E3880B /* Frameworks */ = {
			isa = PBXFrameworksBuildPhase;
			buildActionMask = 2147483647;
			files = (
				D68D4151C0B9EE90EA3108AD /* Pods_MasPatrolUI.framework in Frameworks */,
			);
			runOnlyForDeploymentPostprocessing = 0;
		};
/* End PBXFrameworksBuildPhase section */

/* Begin PBXGroup section */
		37FA55E08D16256BA223BAED /* Frameworks */ = {
			isa = PBXGroup;
			children = (
				0980048FC36F1B0972665932 /* Pods_MasPatrolUI.framework */,
			);
			name = Frameworks;
			sourceTree = "<group>";
		};
		81E07142227185C000E3880B = {
			isa = PBXGroup;
			children = (
				81E0714D227185C000E3880B /* MasPatrolUI */,
				81E0714C227185C000E3880B /* Products */,
				FD7D2E7AEDECB70C5ECA6E78 /* Pods */,
				37FA55E08D16256BA223BAED /* Frameworks */,
			);
			sourceTree = "<group>";
		};
		81E0714C227185C000E3880B /* Products */ = {
			isa = PBXGroup;
			children = (
				81E0714B227185C000E3880B /* MasPatrolUI.app */,
			);
			name = Products;
			sourceTree = "<group>";
		};
		81E0714D227185C000E3880B /* MasPatrolUI */ = {
			isa = PBXGroup;
			children = (
				84E81EA922923EDD00E630BB /* Report */,
				84D01E8322781967009DDF32 /* 主体责任 */,
				81E0716D2271860200E3880B /* Record */,
				81E0714E227185C000E3880B /* AppDelegate.h */,
				81E0714F227185C000E3880B /* AppDelegate.m */,
				81E07151227185C000E3880B /* ViewController.h */,
				81E07152227185C000E3880B /* ViewController.m */,
				81E07154227185C000E3880B /* Main.storyboard */,
				81E07157227185C400E3880B /* Assets.xcassets */,
				81E07159227185C400E3880B /* LaunchScreen.storyboard */,
				81E0715C227185C400E3880B /* Info.plist */,
				81E0715D227185C400E3880B /* main.m */,
			);
			path = MasPatrolUI;
			sourceTree = "<group>";
		};
		81E0716D2271860200E3880B /* Record */ = {
			isa = PBXGroup;
			children = (
				81E07166227185FC00E3880B /* PatrolViewController.h */,
				81E07165227185FC00E3880B /* PatrolViewController.m */,
				81E07164227185FB00E3880B /* MasRecordHeaderView.h */,
				81E07167227185FC00E3880B /* MasRecordHeaderView.m */,
				81E07168227185FD00E3880B /* MasCalendarView.h */,
				81E07169227185FD00E3880B /* MasCalendarView.m */,
				81E0716E2274288500E3880B /* MasRecordCell.h */,
				81E0716F2274288500E3880B /* MasRecordCell.m */,
			);
			path = Record;
			sourceTree = "<group>";
		};
		84D01E8322781967009DDF32 /* 主体责任 */ = {
			isa = PBXGroup;
			children = (
				84D01E842278198C009DDF32 /* StoreResponsController.h */,
				84D01E852278198C009DDF32 /* StoreResponsController.m */,
				84FD8B352281644300BC2BE6 /* StoreSignViewController.h */,
				84FD8B362281644300BC2BE6 /* StoreSignViewController.m */,
			);
			path = "主体责任";
			sourceTree = "<group>";
		};
		84E81EA922923EDD00E630BB /* Report */ = {
			isa = PBXGroup;
			children = (
				84E81F522293E8AF00E630BB /* ReportOpenAPI.h */,
				84E81F532293E8AF00E630BB /* ReportOpenAPI.m */,
				84E81F4B2292B56200E630BB /* Utils */,
				84E81F3E2292A12800E630BB /* Views */,
				84E81F3722928CCF00E630BB /* Models */,
				84E81EAA22923F3000E630BB /* ReportManagerController.h */,
				84E81EAB22923F3000E630BB /* ReportManagerController.m */,
				84E81F582293FF5800E630BB /* TaskManagerController.h */,
				84E81F592293FF5900E630BB /* TaskManagerController.m */,
				84E81F342292824F00E630BB /* ReportTaskListController.h */,
				84E81F352292824F00E630BB /* ReportTaskListController.m */,
				84E81F422292A29D00E630BB /* MyContributionController.h */,
				84E81F432292A29D00E630BB /* MyContributionController.m */,
				84E81F5B229408C800E630BB /* ReportedDetailController.h */,
				84E81F5C229408C800E630BB /* ReportedDetailController.m */,
				84E81F71229663C900E630BB /* ReportedDoingController.h */,
				84E81F72229663C900E630BB /* ReportedDoingController.m */,
				84E81F642296450B00E630BB /* ReportInvalidDetailController.h */,
				84E81F652296450B00E630BB /* ReportInvalidDetailController.m */,
			);
			path = Report;
			sourceTree = "<group>";
		};
		84E81F3722928CCF00E630BB /* Models */ = {
			isa = PBXGroup;
			children = (
				84E81F4F2292BD3200E630BB /* MyContriModel.h */,
				84E81F502292BD3200E630BB /* MyContriModel.m */,
				84E81F3B22928DE800E630BB /* ReportTaskModel.h */,
				84E81F3C22928DE800E630BB /* ReportTaskModel.m */,
			);
			path = Models;
			sourceTree = "<group>";
		};
		84E81F3E2292A12800E630BB /* Views */ = {
			isa = PBXGroup;
			children = (
				84E81F672296486800E630BB /* BottomVIew */,
				84E81F482292B4C000E630BB /* MyContriCell.h */,
				84E81F492292B4C000E630BB /* MyContriCell.m */,
				84E81F3F2292A15B00E630BB /* ReportTaskListCell.h */,
				84E81F402292A15B00E630BB /* ReportTaskListCell.m */,
				84E81F452292A32300E630BB /* MyContrStackView.h */,
				84E81F462292A32300E630BB /* MyContrStackView.m */,
				84E81F5E229546AF00E630BB /* ReportDetailView.h */,
				84E81F5F229546AF00E630BB /* ReportDetailView.m */,
			);
			path = Views;
			sourceTree = "<group>";
		};
		84E81F4B2292B56200E630BB /* Utils */ = {
			isa = PBXGroup;
			children = (
				84E81F4C2292B58800E630BB /* MyViewUtils.h */,
				84E81F4D2292B58800E630BB /* MyViewUtils.m */,
			);
			path = Utils;
			sourceTree = "<group>";
		};
		84E81F672296486800E630BB /* BottomVIew */ = {
			isa = PBXGroup;
			children = (
				84E81F6E22964B3A00E630BB /* ReportBottomView.h */,
				84E81F6F22964B3A00E630BB /* ReportBottomView.m */,
				84E81F68229648CD00E630BB /* StoreTypeColView.h */,
				84E81F69229648CD00E630BB /* StoreTypeColView.m */,
				84E81F6B22964ABF00E630BB /* ReportCameraView.h */,
				84E81F6C22964ABF00E630BB /* ReportCameraView.m */,
			);
			path = BottomVIew;
			sourceTree = "<group>";
		};
		FD7D2E7AEDECB70C5ECA6E78 /* Pods */ = {
			isa = PBXGroup;
			children = (
				D52450050C978EB7550CDEA5 /* Pods-MasPatrolUI.debug.xcconfig */,
				1E606ED0FB0BF5C440FF48CA /* Pods-MasPatrolUI.release.xcconfig */,
			);
			name = Pods;
			sourceTree = "<group>";
		};
/* End PBXGroup section */

/* Begin PBXNativeTarget section */
		81E0714A227185C000E3880B /* MasPatrolUI */ = {
			isa = PBXNativeTarget;
			buildConfigurationList = 81E07161227185C400E3880B /* Build configuration list for PBXNativeTarget "MasPatrolUI" */;
			buildPhases = (
				CD93F08520FF1D6CEB1EF98C /* [CP] Check Pods Manifest.lock */,
				81E07147227185C000E3880B /* Sources */,
				81E07148227185C000E3880B /* Frameworks */,
				81E07149227185C000E3880B /* Resources */,
				6A5BFB31BD01A92074DA8911 /* [CP] Embed Pods Frameworks */,
			);
			buildRules = (
			);
			dependencies = (
			);
			name = MasPatrolUI;
			productName = MasPatrolUI;
			productReference = 81E0714B227185C000E3880B /* MasPatrolUI.app */;
			productType = "com.apple.product-type.application";
		};
/* End PBXNativeTarget section */

/* Begin PBXProject section */
		81E07143227185C000E3880B /* Project object */ = {
			isa = PBXProject;
			attributes = {
				LastUpgradeCheck = 1020;
				ORGANIZATIONNAME = com;
				TargetAttributes = {
					81E0714A227185C000E3880B = {
						CreatedOnToolsVersion = 10.2.1;
					};
				};
			};
			buildConfigurationList = 81E07146227185C000E3880B /* Build configuration list for PBXProject "MasPatrolUI" */;
			compatibilityVersion = "Xcode 9.3";
			developmentRegion = en;
			hasScannedForEncodings = 0;
			knownRegions = (
				en,
				Base,
			);
			mainGroup = 81E07142227185C000E3880B;
			productRefGroup = 81E0714C227185C000E3880B /* Products */;
			projectDirPath = "";
			projectRoot = "";
			targets = (
				81E0714A227185C000E3880B /* MasPatrolUI */,
			);
		};
/* End PBXProject section */

/* Begin PBXResourcesBuildPhase section */
		81E07149227185C000E3880B /* Resources */ = {
			isa = PBXResourcesBuildPhase;
			buildActionMask = 2147483647;
			files = (
				81E0715B227185C400E3880B /* LaunchScreen.storyboard in Resources */,
				81E07158227185C400E3880B /* Assets.xcassets in Resources */,
				81E07156227185C000E3880B /* Main.storyboard in Resources */,
			);
			runOnlyForDeploymentPostprocessing = 0;
		};
/* End PBXResourcesBuildPhase section */

/* Begin PBXShellScriptBuildPhase section */
		6A5BFB31BD01A92074DA8911 /* [CP] Embed Pods Frameworks */ = {
			isa = PBXShellScriptBuildPhase;
			buildActionMask = 2147483647;
			files = (
			);
			inputPaths = (
				"${SRCROOT}/Pods/Target Support Files/Pods-MasPatrolUI/Pods-MasPatrolUI-frameworks.sh",
				"${BUILT_PRODUCTS_DIR}/JSONModel/JSONModel.framework",
				"${BUILT_PRODUCTS_DIR}/Masonry/Masonry.framework",
				"${BUILT_PRODUCTS_DIR}/SDWebImage/SDWebImage.framework",
			);
			name = "[CP] Embed Pods Frameworks";
			outputPaths = (
				"${TARGET_BUILD_DIR}/${FRAMEWORKS_FOLDER_PATH}/JSONModel.framework",
				"${TARGET_BUILD_DIR}/${FRAMEWORKS_FOLDER_PATH}/Masonry.framework",
				"${TARGET_BUILD_DIR}/${FRAMEWORKS_FOLDER_PATH}/SDWebImage.framework",
			);
			runOnlyForDeploymentPostprocessing = 0;
			shellPath = /bin/sh;
			shellScript = "\"${SRCROOT}/Pods/Target Support Files/Pods-MasPatrolUI/Pods-MasPatrolUI-frameworks.sh\"\n";
			showEnvVarsInLog = 0;
		};
		CD93F08520FF1D6CEB1EF98C /* [CP] Check Pods Manifest.lock */ = {
			isa = PBXShellScriptBuildPhase;
			buildActionMask = 2147483647;
			files = (
			);
			inputPaths = (
				"${PODS_PODFILE_DIR_PATH}/Podfile.lock",
				"${PODS_ROOT}/Manifest.lock",
			);
			name = "[CP] Check Pods Manifest.lock";
			outputPaths = (
				"$(DERIVED_FILE_DIR)/Pods-MasPatrolUI-checkManifestLockResult.txt",
			);
			runOnlyForDeploymentPostprocessing = 0;
			shellPath = /bin/sh;
			shellScript = "diff \"${PODS_PODFILE_DIR_PATH}/Podfile.lock\" \"${PODS_ROOT}/Manifest.lock\" > /dev/null\nif [ $? != 0 ] ; then\n    # print error to STDERR\n    echo \"error: The sandbox is not in sync with the Podfile.lock. Run 'pod install' or update your CocoaPods installation.\" >&2\n    exit 1\nfi\n# This output is used by Xcode 'outputs' to avoid re-running this script phase.\necho \"SUCCESS\" > \"${SCRIPT_OUTPUT_FILE_0}\"\n";
			showEnvVarsInLog = 0;
		};
/* End PBXShellScriptBuildPhase section */

/* Begin PBXSourcesBuildPhase section */
		81E07147227185C000E3880B /* Sources */ = {
			isa = PBXSourcesBuildPhase;
			buildActionMask = 2147483647;
			files = (
				81E0716B227185FD00E3880B /* MasRecordHeaderView.m in Sources */,
				81E071702274288500E3880B /* MasRecordCell.m in Sources */,
				84E81F512292BD3200E630BB /* MyContriModel.m in Sources */,
				84E81F60229546AF00E630BB /* ReportDetailView.m in Sources */,
				81E07153227185C000E3880B /* ViewController.m in Sources */,
				84E81F5A2293FF5900E630BB /* TaskManagerController.m in Sources */,
				84E81F4E2292B58800E630BB /* MyViewUtils.m in Sources */,
				84E81F542293E8AF00E630BB /* ReportOpenAPI.m in Sources */,
				84E81F472292A32300E630BB /* MyContrStackView.m in Sources */,
				84FD8B372281644300BC2BE6 /* StoreSignViewController.m in Sources */,
				84E81F73229663C900E630BB /* ReportedDoingController.m in Sources */,
				84E81F5D229408C800E630BB /* ReportedDetailController.m in Sources */,
				84E81F6D22964ABF00E630BB /* ReportCameraView.m in Sources */,
				84E81F6A229648CD00E630BB /* StoreTypeColView.m in Sources */,
				81E0716C227185FD00E3880B /* MasCalendarView.m in Sources */,
				84E81F7022964B3A00E630BB /* ReportBottomView.m in Sources */,
				84E81F362292824F00E630BB /* ReportTaskListController.m in Sources */,
				81E0715E227185C400E3880B /* main.m in Sources */,
				81E0716A227185FD00E3880B /* PatrolViewController.m in Sources */,
				84E81F3D22928DE800E630BB /* ReportTaskModel.m in Sources */,
				84E81F442292A29D00E630BB /* MyContributionController.m in Sources */,
				84E81F412292A15B00E630BB /* ReportTaskListCell.m in Sources */,
				84D01E862278198C009DDF32 /* StoreResponsController.m in Sources */,
				84E81F662296450B00E630BB /* ReportInvalidDetailController.m in Sources */,
				81E07150227185C000E3880B /* AppDelegate.m in Sources */,
				84E81F4A2292B4C000E630BB /* MyContriCell.m in Sources */,
				84E81EAC22923F3000E630BB /* ReportManagerController.m in Sources */,
			);
			runOnlyForDeploymentPostprocessing = 0;
		};
/* End PBXSourcesBuildPhase section */

/* Begin PBXVariantGroup section */
		81E07154227185C000E3880B /* Main.storyboard */ = {
			isa = PBXVariantGroup;
			children = (
				81E07155227185C000E3880B /* Base */,
			);
			name = Main.storyboard;
			sourceTree = "<group>";
		};
		81E07159227185C400E3880B /* LaunchScreen.storyboard */ = {
			isa = PBXVariantGroup;
			children = (
				81E0715A227185C400E3880B /* Base */,
			);
			name = LaunchScreen.storyboard;
			sourceTree = "<group>";
		};
/* End PBXVariantGroup section */

/* Begin XCBuildConfiguration section */
		81E0715F227185C400E3880B /* Debug */ = {
			isa = XCBuildConfiguration;
			buildSettings = {
				ALWAYS_SEARCH_USER_PATHS = NO;
				CLANG_ANALYZER_NONNULL = YES;
				CLANG_ANALYZER_NUMBER_OBJECT_CONVERSION = YES_AGGRESSIVE;
				CLANG_CXX_LANGUAGE_STANDARD = "gnu++14";
				CLANG_CXX_LIBRARY = "libc++";
				CLANG_ENABLE_MODULES = YES;
				CLANG_ENABLE_OBJC_ARC = YES;
				CLANG_ENABLE_OBJC_WEAK = YES;
				CLANG_WARN_BLOCK_CAPTURE_AUTORELEASING = YES;
				CLANG_WARN_BOOL_CONVERSION = YES;
				CLANG_WARN_COMMA = YES;
				CLANG_WARN_CONSTANT_CONVERSION = YES;
				CLANG_WARN_DEPRECATED_OBJC_IMPLEMENTATIONS = YES;
				CLANG_WARN_DIRECT_OBJC_ISA_USAGE = YES_ERROR;
				CLANG_WARN_DOCUMENTATION_COMMENTS = YES;
				CLANG_WARN_EMPTY_BODY = YES;
				CLANG_WARN_ENUM_CONVERSION = YES;
				CLANG_WARN_INFINITE_RECURSION = YES;
				CLANG_WARN_INT_CONVERSION = YES;
				CLANG_WARN_NON_LITERAL_NULL_CONVERSION = YES;
				CLANG_WARN_OBJC_IMPLICIT_RETAIN_SELF = YES;
				CLANG_WARN_OBJC_LITERAL_CONVERSION = YES;
				CLANG_WARN_OBJC_ROOT_CLASS = YES_ERROR;
				CLANG_WARN_RANGE_LOOP_ANALYSIS = YES;
				CLANG_WARN_STRICT_PROTOTYPES = YES;
				CLANG_WARN_SUSPICIOUS_MOVE = YES;
				CLANG_WARN_UNGUARDED_AVAILABILITY = YES_AGGRESSIVE;
				CLANG_WARN_UNREACHABLE_CODE = YES;
				CLANG_WARN__DUPLICATE_METHOD_MATCH = YES;
				CODE_SIGN_IDENTITY = "iPhone Developer";
				COPY_PHASE_STRIP = NO;
				DEBUG_INFORMATION_FORMAT = dwarf;
				ENABLE_STRICT_OBJC_MSGSEND = YES;
				ENABLE_TESTABILITY = YES;
				GCC_C_LANGUAGE_STANDARD = gnu11;
				GCC_DYNAMIC_NO_PIC = NO;
				GCC_NO_COMMON_BLOCKS = YES;
				GCC_OPTIMIZATION_LEVEL = 0;
				GCC_PREPROCESSOR_DEFINITIONS = (
					"DEBUG=1",
					"$(inherited)",
				);
				GCC_WARN_64_TO_32_BIT_CONVERSION = YES;
				GCC_WARN_ABOUT_RETURN_TYPE = YES_ERROR;
				GCC_WARN_UNDECLARED_SELECTOR = YES;
				GCC_WARN_UNINITIALIZED_AUTOS = YES_AGGRESSIVE;
				GCC_WARN_UNUSED_FUNCTION = YES;
				GCC_WARN_UNUSED_VARIABLE = YES;
				IPHONEOS_DEPLOYMENT_TARGET = 12.2;
				MTL_ENABLE_DEBUG_INFO = INCLUDE_SOURCE;
				MTL_FAST_MATH = YES;
				ONLY_ACTIVE_ARCH = YES;
				SDKROOT = iphoneos;
			};
			name = Debug;
		};
		81E07160227185C400E3880B /* Release */ = {
			isa = XCBuildConfiguration;
			buildSettings = {
				ALWAYS_SEARCH_USER_PATHS = NO;
				CLANG_ANALYZER_NONNULL = YES;
				CLANG_ANALYZER_NUMBER_OBJECT_CONVERSION = YES_AGGRESSIVE;
				CLANG_CXX_LANGUAGE_STANDARD = "gnu++14";
				CLANG_CXX_LIBRARY = "libc++";
				CLANG_ENABLE_MODULES = YES;
				CLANG_ENABLE_OBJC_ARC = YES;
				CLANG_ENABLE_OBJC_WEAK = YES;
				CLANG_WARN_BLOCK_CAPTURE_AUTORELEASING = YES;
				CLANG_WARN_BOOL_CONVERSION = YES;
				CLANG_WARN_COMMA = YES;
				CLANG_WARN_CONSTANT_CONVERSION = YES;
				CLANG_WARN_DEPRECATED_OBJC_IMPLEMENTATIONS = YES;
				CLANG_WARN_DIRECT_OBJC_ISA_USAGE = YES_ERROR;
				CLANG_WARN_DOCUMENTATION_COMMENTS = YES;
				CLANG_WARN_EMPTY_BODY = YES;
				CLANG_WARN_ENUM_CONVERSION = YES;
				CLANG_WARN_INFINITE_RECURSION = YES;
				CLANG_WARN_INT_CONVERSION = YES;
				CLANG_WARN_NON_LITERAL_NULL_CONVERSION = YES;
				CLANG_WARN_OBJC_IMPLICIT_RETAIN_SELF = YES;
				CLANG_WARN_OBJC_LITERAL_CONVERSION = YES;
				CLANG_WARN_OBJC_ROOT_CLASS = YES_ERROR;
				CLANG_WARN_RANGE_LOOP_ANALYSIS = YES;
				CLANG_WARN_STRICT_PROTOTYPES = YES;
				CLANG_WARN_SUSPICIOUS_MOVE = YES;
				CLANG_WARN_UNGUARDED_AVAILABILITY = YES_AGGRESSIVE;
				CLANG_WARN_UNREACHABLE_CODE = YES;
				CLANG_WARN__DUPLICATE_METHOD_MATCH = YES;
				CODE_SIGN_IDENTITY = "iPhone Developer";
				COPY_PHASE_STRIP = NO;
				DEBUG_INFORMATION_FORMAT = "dwarf-with-dsym";
				ENABLE_NS_ASSERTIONS = NO;
				ENABLE_STRICT_OBJC_MSGSEND = YES;
				GCC_C_LANGUAGE_STANDARD = gnu11;
				GCC_NO_COMMON_BLOCKS = YES;
				GCC_WARN_64_TO_32_BIT_CONVERSION = YES;
				GCC_WARN_ABOUT_RETURN_TYPE = YES_ERROR;
				GCC_WARN_UNDECLARED_SELECTOR = YES;
				GCC_WARN_UNINITIALIZED_AUTOS = YES_AGGRESSIVE;
				GCC_WARN_UNUSED_FUNCTION = YES;
				GCC_WARN_UNUSED_VARIABLE = YES;
				IPHONEOS_DEPLOYMENT_TARGET = 12.2;
				MTL_ENABLE_DEBUG_INFO = NO;
				MTL_FAST_MATH = YES;
				SDKROOT = iphoneos;
				VALIDATE_PRODUCT = YES;
			};
			name = Release;
		};
		81E07162227185C400E3880B /* Debug */ = {
			isa = XCBuildConfiguration;
			baseConfigurationReference = D52450050C978EB7550CDEA5 /* Pods-MasPatrolUI.debug.xcconfig */;
			buildSettings = {
				ASSETCATALOG_COMPILER_APPICON_NAME = AppIcon;
				CODE_SIGN_STYLE = Automatic;
				DEVELOPMENT_TEAM = 2C4H9T5RF5;
				INFOPLIST_FILE = MasPatrolUI/Info.plist;
				IPHONEOS_DEPLOYMENT_TARGET = 11.4;
				LD_RUNPATH_SEARCH_PATHS = (
					"$(inherited)",
					"@executable_path/Frameworks",
				);
				PRODUCT_BUNDLE_IDENTIFIER = com.jinher.i;
				PRODUCT_NAME = "$(TARGET_NAME)";
				TARGETED_DEVICE_FAMILY = "1,2";
			};
			name = Debug;
		};
		81E07163227185C400E3880B /* Release */ = {
			isa = XCBuildConfiguration;
			baseConfigurationReference = 1E606ED0FB0BF5C440FF48CA /* Pods-MasPatrolUI.release.xcconfig */;
			buildSettings = {
				ASSETCATALOG_COMPILER_APPICON_NAME = AppIcon;
				CODE_SIGN_STYLE = Automatic;
				DEVELOPMENT_TEAM = 2C4H9T5RF5;
				INFOPLIST_FILE = MasPatrolUI/Info.plist;
				IPHONEOS_DEPLOYMENT_TARGET = 11.4;
				LD_RUNPATH_SEARCH_PATHS = (
					"$(inherited)",
					"@executable_path/Frameworks",
				);
				PRODUCT_BUNDLE_IDENTIFIER = com.jinher.i;
				PRODUCT_NAME = "$(TARGET_NAME)";
				TARGETED_DEVICE_FAMILY = "1,2";
			};
			name = Release;
		};
/* End XCBuildConfiguration section */

/* Begin XCConfigurationList section */
		81E07146227185C000E3880B /* Build configuration list for PBXProject "MasPatrolUI" */ = {
			isa = XCConfigurationList;
			buildConfigurations = (
				81E0715F227185C400E3880B /* Debug */,
				81E07160227185C400E3880B /* Release */,
			);
			defaultConfigurationIsVisible = 0;
			defaultConfigurationName = Release;
		};
		81E07161227185C400E3880B /* Build configuration list for PBXNativeTarget "MasPatrolUI" */ = {
			isa = XCConfigurationList;
			buildConfigurations = (
				81E07162227185C400E3880B /* Debug */,
				81E07163227185C400E3880B /* Release */,
			);
			defaultConfigurationIsVisible = 0;
			defaultConfigurationName = Release;
		};
/* End XCConfigurationList section */
	};
	rootObject = 81E07143227185C000E3880B /* Project object */;
}
